
Microsoft Visual Studio Solution File, Format Version 12.00
# Visual Studio Version 18
VisualStudioVersion = 18.3.11520.95
MinimumVisualStudioVersion = 10.0.40219.1
Project("{2150E333-8FDC-42A3-9474-1A3956D46DE8}") = "src", "src", "{C284E927-A406-44E9-98C8-F7677B25FBBA}"
EndProject
Project("{9A19103F-16F7-4668-BE54-9A1E7A4F7556}") = "TrainerFlow.Api", "src\TrainerFlow.Api\TrainerFlow.Api.csproj", "{00F24986-F688-429A-BA17-6038538B3798}"
EndProject
Project("{2150E333-8FDC-42A3-9474-1A3956D46DE8}") = "Modules", "Modules", "{DEBB1A4B-DB72-492A-B746-77EC1C3C7888}"
EndProject
Project("{2150E333-8FDC-42A3-9474-1A3956D46DE8}") = "Identity", "Identity", "{E643F30F-FE32-4A17-A951-814B1876E828}"
EndProject
Project("{9A19103F-16F7-4668-BE54-9A1E7A4F7556}") = "TrainerFlow.Modules.Identity", "src\Modules\Identity\TrainerFlow.Modules.Identity\TrainerFlow.Modules.Identity.csproj", "{967A506B-54C3-4667-B6B4-7922898EF6B0}"
EndProject
Project("{2150E333-8FDC-42A3-9474-1A3956D46DE8}") = "Offers", "Offers", "{E031724D-501F-4C0D-BE67-45A81B763E5E}"
EndProject
Project("{9A19103F-16F7-4668-BE54-9A1E7A4F7556}") = "TrainerFlow.Modules.Offers", "src\Modules\Offers\TrainerFlow.Modules.Offers\TrainerFlow.Modules.Offers.csproj", "{EC77201A-AA95-422E-99F7-0C7D0BECE913}"
EndProject
Project("{2150E333-8FDC-42A3-9474-1A3956D46DE8}") = "Files", "Files", "{5767DF41-F56F-4DA1-BCD7-D9E11AC69552}"
EndProject
Project("{9A19103F-16F7-4668-BE54-9A1E7A4F7556}") = "TrainerFlow.Modules.Files", "src\Modules\Files\TrainerFlow.Modules.Files\TrainerFlow.Modules.Files.csproj", "{6419DB79-3142-48BF-A195-2FA7A5BB81EC}"
EndProject
Project("{2150E333-8FDC-42A3-9474-1A3956D46DE8}") = "Orders", "Orders", "{0D47AF80-87CD-41A2-A5DE-54C4D3FE28AC}"
EndProject
Project("{FAE04EC0-301F-11D3-BF4B-00C04F79EFBC}") = "TrainerFlow.Modules.Orders", "src\Modules\Orders\TrainerFlow.Modules.Orders\TrainerFlow.Modules.Orders.csproj", "{60C16C10-02D6-4768-A01F-D4671F6D3871}"
EndProject
Project("{2150E333-8FDC-42A3-9474-1A3956D46DE8}") = "Persistence", "Persistence", "{A993C701-12D8-25AD-8354-1AEA0BE1841E}"
EndProject
Project("{FAE04EC0-301F-11D3-BF4B-00C04F79EFBC}") = "TrainerFlow.Persistence", "src\Persistence\TrainerFlow.Persistence\TrainerFlow.Persistence.csproj", "{99B74B9A-821D-43D9-804C-14713D687A64}"
EndProject
Project("{2150E333-8FDC-42A3-9474-1A3956D46DE8}") = "tests", "tests", "{0AB3BF05-4346-4AA6-1389-037BE0695223}"
EndProject
Project("{FAE04EC0-301F-11D3-BF4B-00C04F79EFBC}") = "TrainerFlow.Tests.Unit", "tests\TrainerFlow.Tests.Unit\TrainerFlow.Tests.Unit.csproj", "{7B6F9858-36BB-478B-BC8B-90CC1B977D4B}"
EndProject
Global
	GlobalSection(SolutionConfigurationPlatforms) = preSolution
		Debug|Any CPU = Debug|Any CPU
		Debug|x64 = Debug|x64
		Debug|x86 = Debug|x86
		Release|Any CPU = Release|Any CPU
		Release|x64 = Release|x64
		Release|x86 = Release|x86
	EndGlobalSection
	GlobalSection(ProjectConfigurationPlatforms) = postSolution
		{00F24986-F688-429A-BA17-6038538B3798}.Debug|Any CPU.ActiveCfg = Debug|Any CPU
		{00F24986-F688-429A-BA17-6038538B3798}.Debug|Any CPU.Build.0 = Debug|Any CPU
		{00F24986-F688-429A-BA17-6038538B3798}.Debug|x64.ActiveCfg = Debug|Any CPU
		{00F24986-F688-429A-BA17-6038538B3798}.Debug|x64.Build.0 = Debug|Any CPU
		{00F24986-F688-429A-BA17-6038538B3798}.Debug|x86.ActiveCfg = Debug|Any CPU
		{00F24986-F688-429A-BA17-6038538B3798}.Debug|x86.Build.0 = Debug|Any CPU
		{00F24986-F688-429A-BA17-6038538B3798}.Release|Any CPU.ActiveCfg = Release|Any CPU
		{00F24986-F688-429A-BA17-6038538B3798}.Release|Any CPU.Build.0 = Release|Any CPU
		{00F24986-F688-429A-BA17-6038538B3798}.Release|x64.ActiveCfg = Release|Any CPU
		{00F24986-F688-429A-BA17-6038538B3798}.Release|x64.Build.0 = Release|Any CPU
		{00F24986-F688-429A-BA17-6038538B3798}.Release|x86.ActiveCfg = Release|Any CPU
		{00F24986-F688-429A-BA17-6038538B3798}.Release|x86.Build.0 = Release|Any CPU
		{967A506B-54C3-4667-B6B4-7922898EF6B0}.Debug|Any CPU.ActiveCfg = Debug|Any CPU
		{967A506B-54C3-4667-B6B4-7922898EF6B0}.Debug|Any CPU.Build.0 = Debug|Any CPU
		{967A506B-54C3-4667-B6B4-7922898EF6B0}.Debug|x64.ActiveCfg = Debug|Any CPU
		{967A506B-54C3-4667-B6B4-7922898EF6B0}.Debug|x64.Build.0 = Debug|Any CPU
		{967A506B-54C3-4667-B6B4-7922898EF6B0}.Debug|x86.ActiveCfg = Debug|Any CPU
		{967A506B-54C3-4667-B6B4-7922898EF6B0}.Debug|x86.Build.0 = Debug|Any CPU
		{967A506B-54C3-4667-B6B4-7922898EF6B0}.Release|Any CPU.ActiveCfg = Release|Any CPU
		{967A506B-54C3-4667-B6B4-7922898EF6B0}.Release|Any CPU.Build.0 = Release|Any CPU
		{967A506B-54C3-4667-B6B4-7922898EF6B0}.Release|x64.ActiveCfg = Release|Any CPU
		{967A506B-54C3-4667-B6B4-7922898EF6B0}.Release|x64.Build.0 = Release|Any CPU
		{967A506B-54C3-4667-B6B4-7922898EF6B0}.Release|x86.ActiveCfg = Release|Any CPU
		{967A506B-54C3-4667-B6B4-7922898EF6B0}.Release|x86.Build.0 = Release|Any CPU
		{EC77201A-AA95-422E-99F7-0C7D0BECE913}.Debug|Any CPU.ActiveCfg = Debug|Any CPU
		{EC77201A-AA95-422E-99F7-0C7D0BECE913}.Debug|Any CPU.Build.0 = Debug|Any CPU
		{EC77201A-AA95-422E-99F7-0C7D0BECE913}.Debug|x64.ActiveCfg = Debug|Any CPU
		{EC77201A-AA95-422E-99F7-0C7D0BECE913}.Debug|x64.Build.0 = Debug|Any CPU
		{EC77201A-AA95-422E-99F7-0C7D0BECE913}.Debug|x86.ActiveCfg = Debug|Any CPU
		{EC77201A-AA95-422E-99F7-0C7D0BECE913}.Debug|x86.Build.0 = Debug|Any CPU
		{EC77201A-AA95-422E-99F7-0C7D0BECE913}.Release|Any CPU.ActiveCfg = Release|Any CPU
		{EC77201A-AA95-422E-99F7-0C7D0BECE913}.Release|Any CPU.Build.0 = Release|Any CPU
		{EC77201A-AA95-422E-99F7-0C7D0BECE913}.Release|x64.ActiveCfg = Release|Any CPU
		{EC77201A-AA95-422E-99F7-0C7D0BECE913}.Release|x64.Build.0 = Release|Any CPU
		{EC77201A-AA95-422E-99F7-0C7D0BECE913}.Release|x86.ActiveCfg = Release|Any CPU
		{EC77201A-AA95-422E-99F7-0C7D0BECE913}.Release|x86.Build.0 = Release|Any CPU
		{6419DB79-3142-48BF-A195-2FA7A5BB81EC}.Debug|Any CPU.ActiveCfg = Debug|Any CPU
		{6419DB79-3142-48BF-A195-2FA7A5BB81EC}.Debug|Any CPU.Build.0 = Debug|Any CPU
		{6419DB79-3142-48BF-A195-2FA7A5BB81EC}.Debug|x64.ActiveCfg = Debug|Any CPU
		{6419DB79-3142-48BF-A195-2FA7A5BB81EC}.Debug|x64.Build.0 = Debug|Any CPU
		{6419DB79-3142-48BF-A195-2FA7A5BB81EC}.Debug|x86.ActiveCfg = Debug|Any CPU
		{6419DB79-3142-48BF-A195-2FA7A5BB81EC}.Debug|x86.Build.0 = Debug|Any CPU
		{6419DB79-3142-48BF-A195-2FA7A5BB81EC}.Release|Any CPU.ActiveCfg = Release|Any CPU
		{6419DB79-3142-48BF-A195-2FA7A5BB81EC}.Release|Any CPU.Build.0 = Release|Any CPU
		{6419DB79-3142-48BF-A195-2FA7A5BB81EC}.Release|x64.ActiveCfg = Release|Any CPU
		{6419DB79-3142-48BF-A195-2FA7A5BB81EC}.Release|x64.Build.0 = Release|Any CPU
		{6419DB79-3142-48BF-A195-2FA7A5BB81EC}.Release|x86.ActiveCfg = Release|Any CPU
		{6419DB79-3142-48BF-A195-2FA7A5BB81EC}.Release|x86.Build.0 = Release|Any CPU
		{60C16C10-02D6-4768-A01F-D4671F6D3871}.Debug|Any CPU.ActiveCfg = Debug|Any CPU
		{60C16C10-02D6-4768-A01F-D4671F6D3871}.Debug|Any CPU.Build.0 = Debug|Any CPU
		{60C16C10-02D6-4768-A01F-D4671F6D3871}.Debug|x64.ActiveCfg = Debug|Any CPU
		{60C16C10-02D6-4768-A01F-D4671F6D3871}.Debug|x64.Build.0 = Debug|Any CPU
		{60C16C10-02D6-4768-A01F-D4671F6D3871}.Debug|x86.ActiveCfg = Debug|Any CPU
		{60C16C10-02D6-4768-A01F-D4671F6D3871}.Debug|x86.Build.0 = Debug|Any CPU
		{60C16C10-02D6-4768-A01F-D4671F6D3871}.Release|Any CPU.ActiveCfg = Release|Any CPU
		{60C16C10-02D6-4768-A01F-D4671F6D3871}.Release|Any CPU.Build.0 = Release|Any CPU
		{60C16C10-02D6-4768-A01F-D4671F6D3871}.Release|x64.ActiveCfg = Release|Any CPU
		{60C16C10-02D6-4768-A01F-D4671F6D3871}.Release|x64.Build.0 = Release|Any CPU
		{60C16C10-02D6-4768-A01F-D4671F6D3871}.Release|x86.ActiveCfg = Release|Any CPU
		{60C16C10-02D6-4768-A01F-D4671F6D3871}.Release|x86.Build.0 = Release|Any CPU
		{99B74B9A-821D-43D9-804C-14713D687A64}.Debug|Any CPU.ActiveCfg = Debug|Any CPU
		{99B74B9A-821D-43D9-804C-14713D687A64}.Debug|Any CPU.Build.0 = Debug|Any CPU
		{99B74B9A-821D-43D9-804C-14713D687A64}.Debug|x64.ActiveCfg = Debug|Any CPU
		{99B74B9A-821D-43D9-804C-14713D687A64}.Debug|x64.Build.0 = Debug|Any CPU
		{99B74B9A-821D-43D9-804C-14713D687A64}.Debug|x86.ActiveCfg = Debug|Any CPU
		{99B74B9A-821D-43D9-804C-14713D687A64}.Debug|x86.Build.0 = Debug|Any CPU
		{99B74B9A-821D-43D9-804C-14713D687A64}.Release|Any CPU.ActiveCfg = Release|Any CPU
		{99B74B9A-821D-43D9-804C-14713D687A64}.Release|Any CPU.Build.0 = Release|Any CPU
		{99B74B9A-821D-43D9-804C-14713D687A64}.Release|x64.ActiveCfg = Release|Any CPU
		{99B74B9A-821D-43D9-804C-14713D687A64}.Release|x64.Build.0 = Release|Any CPU
		{99B74B9A-821D-43D9-804C-14713D687A64}.Release|x86.ActiveCfg = Release|Any CPU
		{99B74B9A-821D-43D9-804C-14713D687A64}.Release|x86.Build.0 = Release|Any CPU
		{7B6F9858-36BB-478B-BC8B-90CC1B977D4B}.Debug|Any CPU.ActiveCfg = Debug|Any CPU
		{7B6F9858-36BB-478B-BC8B-90CC1B977D4B}.Debug|Any CPU.Build.0 = Debug|Any CPU
		{7B6F9858-36BB-478B-BC8B-90CC1B977D4B}.Debug|x64.ActiveCfg = Debug|Any CPU
		{7B6F9858-36BB-478B-BC8B-90CC1B977D4B}.Debug|x64.Build.0 = Debug|Any CPU
		{7B6F9858-36BB-478B-BC8B-90CC1B977D4B}.Debug|x86.ActiveCfg = Debug|Any CPU
		{7B6F9858-36BB-478B-BC8B-90CC1B977D4B}.Debug|x86.Build.0 = Debug|Any CPU
		{7B6F9858-36BB-478B-BC8B-90CC1B977D4B}.Release|Any CPU.ActiveCfg = Release|Any CPU
		{7B6F9858-36BB-478B-BC8B-90CC1B977D4B}.Release|Any CPU.Build.0 = Release|Any CPU
		{7B6F9858-36BB-478B-BC8B-90CC1B977D4B}.Release|x64.ActiveCfg = Release|Any CPU
		{7B6F9858-36BB-478B-BC8B-90CC1B977D4B}.Release|x64.Build.0 = Release|Any CPU
		{7B6F9858-36BB-478B-BC8B-90CC1B977D4B}.Release|x86.ActiveCfg = Release|Any CPU
		{7B6F9858-36BB-478B-BC8B-90CC1B977D4B}.Release|x86.Build.0 = Release|Any CPU
	EndGlobalSection
	GlobalSection(SolutionProperties) = preSolution
		HideSolutionNode = FALSE
	EndGlobalSection
	GlobalSection(NestedProjects) = preSolution
		{00F24986-F688-429A-BA17-6038538B3798} = {C284E927-A406-44E9-98C8-F7677B25FBBA}
		{DEBB1A4B-DB72-492A-B746-77EC1C3C7888} = {C284E927-A406-44E9-98C8-F7677B25FBBA}
		{E643F30F-FE32-4A17-A951-814B1876E828} = {DEBB1A4B-DB72-492A-B746-77EC1C3C7888}
		{967A506B-54C3-4667-B6B4-7922898EF6B0} = {E643F30F-FE32-4A17-A951-814B1876E828}
		{E031724D-501F-4C0D-BE67-45A81B763E5E} = {DEBB1A4B-DB72-492A-B746-77EC1C3C7888}
		{EC77201A-AA95-422E-99F7-0C7D0BECE913} = {E031724D-501F-4C0D-BE67-45A81B763E5E}
		{5767DF41-F56F-4DA1-BCD7-D9E11AC69552} = {DEBB1A4B-DB72-492A-B746-77EC1C3C7888}
		{6419DB79-3142-48BF-A195-2FA7A5BB81EC} = {5767DF41-F56F-4DA1-BCD7-D9E11AC69552}
		{0D47AF80-87CD-41A2-A5DE-54C4D3FE28AC} = {DEBB1A4B-DB72-492A-B746-77EC1C3C7888}
		{60C16C10-02D6-4768-A01F-D4671F6D3871} = {0D47AF80-87CD-41A2-A5DE-54C4D3FE28AC}
		{A993C701-12D8-25AD-8354-1AEA0BE1841E} = {C284E927-A406-44E9-98C8-F7677B25FBBA}
		{99B74B9A-821D-43D9-804C-14713D687A64} = {A993C701-12D8-25AD-8354-1AEA0BE1841E}
		{7B6F9858-36BB-478B-BC8B-90CC1B977D4B} = {0AB3BF05-4346-4AA6-1389-037BE0695223}
	EndGlobalSection
	GlobalSection(ExtensibilityGlobals) = postSolution
		SolutionGuid = {0FD79765-CA46-4127-9CE0-EB4FCFE18E30}
	EndGlobalSection
EndGlobal
