
Microsoft Visual Studio Solution File, Format Version 12.00
# Visual Studio Version 17
VisualStudioVersion = 17.0.31903.59
MinimumVisualStudioVersion = 10.0.40219.1
Project("{2150E333-8FDC-42A3-9474-1A3956D46DE8}") = "src", "src", "{C284E927-A406-44E9-98C8-F7677B25FBBA}"
EndProject
Project("{9A19103F-16F7-4668-BE54-9A1E7A4F7556}") = "TrainerFlow.Api", "src\TrainerFlow.Api\TrainerFlow.Api.csproj", "{00F24986-F688-429A-BA17-6038538B3798}"
EndProject
Project("{2150E333-8FDC-42A3-9474-1A3956D46DE8}") = "Persistence", "Persistence", "{A44F18E9-1E31-403D-B307-8B55FFA8C918}"
EndProject
Project("{9A19103F-16F7-4668-BE54-9A1E7A4F7556}") = "TrainerFlow.Persistence", "src\Persistence\TrainerFlow.Persistence\TrainerFlow.Persistence.csproj", "{781C51E9-52D4-44BB-8BAE-DEF73722543C}"
EndProject
Project("{2150E333-8FDC-42A3-9474-1A3956D46DE8}") = "Modules", "Modules", "{DEBB1A4B-DB72-492A-B746-77EC1C3C7888}"
EndProject
Project("{2150E333-8FDC-42A3-9474-1A3956D46DE8}") = "Identity", "Identity", "{E643F30F-FE32-4A17-A951-814B1876E828}"
EndProject
Project("{9A19103F-16F7-4668-BE54-9A1E7A4F7556}") = "TrainerFlow.Modules.Identity", "src\Modules\Identity\TrainerFlow.Modules.Identity\TrainerFlow.Modules.Identity.csproj", "{967A506B-54C3-4667-B6B4-7922898EF6B0}"
EndProject
Project("{2150E333-8FDC-42A3-9474-1A3956D46DE8}") = "Offers", "Offers", "{E031724D-501F-4C0D-BE67-45A81B763E5E}"
EndProject
Project("{9A19103F-16F7-4668-BE54-9A1E7A4F7556}") = "TrainerFlow.Modules.Offers", "src\Modules\Offers\TrainerFlow.Modules.Offers\TrainerFlow.Modules.Offers.csproj", "{EC77201A-AA95-422E-99F7-0C7D0BECE913}"
EndProject
Project("{2150E333-8FDC-42A3-9474-1A3956D46DE8}") = "Files", "Files", "{5767DF41-F56F-4DA1-BCD7-D9E11AC69552}"
EndProject
Project("{9A19103F-16F7-4668-BE54-9A1E7A4F7556}") = "TrainerFlow.Modules.Files", "src\Modules\Files\TrainerFlow.Modules.Files\TrainerFlow.Modules.Files.csproj", "{6419DB79-3142-48BF-A195-2FA7A5BB81EC}"
EndProject
Project("{2150E333-8FDC-42A3-9474-1A3956D46DE8}") = "Orders", "Orders", "{0D47AF80-87CD-41A2-A5DE-54C4D3FE28AC}"
EndProject
Project("{FAE04EC0-301F-11D3-BF4B-00C04F79EFBC}") = "TrainerFlow.Modules.Orders", "src\Modules\Orders\TrainerFlow.Modules.Orders\TrainerFlow.Modules.Orders.csproj", "{60C16C10-02D6-4768-A01F-D4671F6D3871}"
EndProject
Global
	GlobalSection(SolutionConfigurationPlatforms) = preSolution
		Debug|Any CPU = Debug|Any CPU
		Release|Any CPU = Release|Any CPU
	EndGlobalSection
	GlobalSection(ProjectConfigurationPlatforms) = postSolution
		{00F24986-F688-429A-BA17-6038538B3798}.Debug|Any CPU.ActiveCfg = Debug|Any CPU
		{00F24986-F688-429A-BA17-6038538B3798}.Debug|Any CPU.Build.0 = Debug|Any CPU
		{00F24986-F688-429A-BA17-6038538B3798}.Release|Any CPU.ActiveCfg = Release|Any CPU
		{00F24986-F688-429A-BA17-6038538B3798}.Release|Any CPU.Build.0 = Release|Any CPU
		{781C51E9-52D4-44BB-8BAE-DEF73722543C}.Debug|Any CPU.ActiveCfg = Debug|Any CPU
		{781C51E9-52D4-44BB-8BAE-DEF73722543C}.Debug|Any CPU.Build.0 = Debug|Any CPU
		{781C51E9-52D4-44BB-8BAE-DEF73722543C}.Release|Any CPU.ActiveCfg = Release|Any CPU
		{781C51E9-52D4-44BB-8BAE-DEF73722543C}.Release|Any CPU.Build.0 = Release|Any CPU
		{967A506B-54C3-4667-B6B4-7922898EF6B0}.Debug|Any CPU.ActiveCfg = Debug|Any CPU
		{967A506B-54C3-4667-B6B4-7922898EF6B0}.Debug|Any CPU.Build.0 = Debug|Any CPU
		{967A506B-54C3-4667-B6B4-7922898EF6B0}.Release|Any CPU.ActiveCfg = Release|Any CPU
		{967A506B-54C3-4667-B6B4-7922898EF6B0}.Release|Any CPU.Build.0 = Release|Any CPU
		{EC77201A-AA95-422E-99F7-0C7D0BECE913}.Debug|Any CPU.ActiveCfg = Debug|Any CPU
		{EC77201A-AA95-422E-99F7-0C7D0BECE913}.Debug|Any CPU.Build.0 = Debug|Any CPU
		{EC77201A-AA95-422E-99F7-0C7D0BECE913}.Release|Any CPU.ActiveCfg = Release|Any CPU
		{EC77201A-AA95-422E-99F7-0C7D0BECE913}.Release|Any CPU.Build.0 = Release|Any CPU
		{6419DB79-3142-48BF-A195-2FA7A5BB81EC}.Debug|Any CPU.ActiveCfg = Debug|Any CPU
		{6419DB79-3142-48BF-A195-2FA7A5BB81EC}.Debug|Any CPU.Build.0 = Debug|Any CPU
		{6419DB79-3142-48BF-A195-2FA7A5BB81EC}.Release|Any CPU.ActiveCfg = Release|Any CPU
		{6419DB79-3142-48BF-A195-2FA7A5BB81EC}.Release|Any CPU.Build.0 = Release|Any CPU
		{60C16C10-02D6-4768-A01F-D4671F6D3871}.Debug|Any CPU.ActiveCfg = Debug|Any CPU
		{60C16C10-02D6-4768-A01F-D4671F6D3871}.Debug|Any CPU.Build.0 = Debug|Any CPU
		{60C16C10-02D6-4768-A01F-D4671F6D3871}.Release|Any CPU.ActiveCfg = Release|Any CPU
		{60C16C10-02D6-4768-A01F-D4671F6D3871}.Release|Any CPU.Build.0 = Release|Any CPU
	EndGlobalSection
	GlobalSection(SolutionProperties) = preSolution
		HideSolutionNode = FALSE
	EndGlobalSection
	GlobalSection(NestedProjects) = preSolution
		{00F24986-F688-429A-BA17-6038538B3798} = {C284E927-A406-44E9-98C8-F7677B25FBBA}
		{A44F18E9-1E31-403D-B307-8B55FFA8C918} = {C284E927-A406-44E9-98C8-F7677B25FBBA}
		{781C51E9-52D4-44BB-8BAE-DEF73722543C} = {A44F18E9-1E31-403D-B307-8B55FFA8C918}
		{DEBB1A4B-DB72-492A-B746-77EC1C3C7888} = {C284E927-A406-44E9-98C8-F7677B25FBBA}
		{E643F30F-FE32-4A17-A951-814B1876E828} = {DEBB1A4B-DB72-492A-B746-77EC1C3C7888}
		{967A506B-54C3-4667-B6B4-7922898EF6B0} = {E643F30F-FE32-4A17-A951-814B1876E828}
		{E031724D-501F-4C0D-BE67-45A81B763E5E} = {DEBB1A4B-DB72-492A-B746-77EC1C3C7888}
		{EC77201A-AA95-422E-99F7-0C7D0BECE913} = {E031724D-501F-4C0D-BE67-45A81B763E5E}
		{5767DF41-F56F-4DA1-BCD7-D9E11AC69552} = {DEBB1A4B-DB72-492A-B746-77EC1C3C7888}
		{6419DB79-3142-48BF-A195-2FA7A5BB81EC} = {5767DF41-F56F-4DA1-BCD7-D9E11AC69552}
		{0D47AF80-87CD-41A2-A5DE-54C4D3FE28AC} = {DEBB1A4B-DB72-492A-B746-77EC1C3C7888}
		{60C16C10-02D6-4768-A01F-D4671F6D3871} = {0D47AF80-87CD-41A2-A5DE-54C4D3FE28AC}
	EndGlobalSection
	GlobalSection(ExtensibilityGlobals) = postSolution
		SolutionGuid = {0FD79765-CA46-4127-9CE0-EB4FCFE18E30}
	EndGlobalSection
EndGlobal
